
Microsoft Visual Studio Solution File, Format Version 12.00
Project("{FAE04EC0-301F-11D3-BF4B-00C04F79EFBC}") = "MakeFriends", "MakeFriends\MakeFriends.csproj", "{0BB05550-6C5E-4CFF-846C-AD45C7B6D3CB}"
EndProject
Global
	GlobalSection(SolutionConfigurationPlatforms) = preSolution
		Debug|Any CPU = Debug|Any CPU
		Release|Any CPU = Release|Any CPU
	EndGlobalSection
	GlobalSection(ProjectConfigurationPlatforms) = postSolution
		{0BB05550-6C5E-4CFF-846C-AD45C7B6D3CB}.Debug|Any CPU.ActiveCfg = Debug|Any CPU
		{0BB05550-6C5E-4CFF-846C-AD45C7B6D3CB}.Debug|Any CPU.Build.0 = Debug|Any CPU
		{0BB05550-6C5E-4CFF-846C-AD45C7B6D3CB}.Release|Any CPU.ActiveCfg = Release|Any CPU
		{0BB05550-6C5E-4CFF-846C-AD45C7B6D3CB}.Release|Any CPU.Build.0 = Release|Any CPU
	EndGlobalSection
EndGlobal
