
Microsoft Visual Studio Solution File, Format Version 12.00
# Visual Studio Version 17
VisualStudioVersion = 17.0.31919.166
MinimumVisualStudioVersion = 10.0.40219.1
Project("{FAE04EC0-301F-11D3-BF4B-00C04F79EFBC}") = "WebApplication1", "WebApplication1\WebApplication1.csproj", "{1F678457-0B11-46B3-94C9-C0BB901B584F}"
EndProject
Global
	GlobalSection(SolutionConfigurationPlatforms) = preSolution
		Debug|Any CPU = Debug|Any CPU
		Release|Any CPU = Release|Any CPU
	EndGlobalSection
	GlobalSection(ProjectConfigurationPlatforms) = postSolution
		{1F678457-0B11-46B3-94C9-C0BB901B584F}.Debug|Any CPU.ActiveCfg = Debug|Any CPU
		{1F678457-0B11-46B3-94C9-C0BB901B584F}.Debug|Any CPU.Build.0 = Debug|Any CPU
		{1F678457-0B11-46B3-94C9-C0BB901B584F}.Release|Any CPU.ActiveCfg = Release|Any CPU
		{1F678457-0B11-46B3-94C9-C0BB901B584F}.Release|Any CPU.Build.0 = Release|Any CPU
	EndGlobalSection
	GlobalSection(SolutionProperties) = preSolution
		HideSolutionNode = FALSE
	EndGlobalSection
	GlobalSection(ExtensibilityGlobals) = postSolution
		SolutionGuid = {BD22ED47-BD30-464C-8E67-C884B810ADD4}
	EndGlobalSection
EndGlobal
