
Microsoft Visual Studio Solution File, Format Version 12.00
# Visual Studio Version 17
VisualStudioVersion = 17.0.31919.166
MinimumVisualStudioVersion = 10.0.40219.1
Project("{FAE04EC0-301F-11D3-BF4B-00C04F79EFBC}") = "Basic", "Basic\Basic.csproj", "{24F5A001-A2DD-4845-9F14-4A5D71742133}"
EndProject
Project("{FAE04EC0-301F-11D3-BF4B-00C04F79EFBC}") = "MVCApp", "MVCApp\MVCApp.csproj", "{1F358536-4C1B-49E9-B2FF-3B762E1508C0}"
EndProject
Global
	GlobalSection(SolutionConfigurationPlatforms) = preSolution
		Debug|Any CPU = Debug|Any CPU
		Release|Any CPU = Release|Any CPU
	EndGlobalSection
	GlobalSection(ProjectConfigurationPlatforms) = postSolution
		{24F5A001-A2DD-4845-9F14-4A5D71742133}.Debug|Any CPU.ActiveCfg = Debug|Any CPU
		{24F5A001-A2DD-4845-9F14-4A5D71742133}.Debug|Any CPU.Build.0 = Debug|Any CPU
		{24F5A001-A2DD-4845-9F14-4A5D71742133}.Release|Any CPU.ActiveCfg = Release|Any CPU
		{24F5A001-A2DD-4845-9F14-4A5D71742133}.Release|Any CPU.Build.0 = Release|Any CPU
		{1F358536-4C1B-49E9-B2FF-3B762E1508C0}.Debug|Any CPU.ActiveCfg = Debug|Any CPU
		{1F358536-4C1B-49E9-B2FF-3B762E1508C0}.Debug|Any CPU.Build.0 = Debug|Any CPU
		{1F358536-4C1B-49E9-B2FF-3B762E1508C0}.Release|Any CPU.ActiveCfg = Release|Any CPU
		{1F358536-4C1B-49E9-B2FF-3B762E1508C0}.Release|Any CPU.Build.0 = Release|Any CPU
	EndGlobalSection
	GlobalSection(SolutionProperties) = preSolution
		HideSolutionNode = FALSE
	EndGlobalSection
	GlobalSection(ExtensibilityGlobals) = postSolution
		SolutionGuid = {C1A53D1E-0948-4453-AA06-3D02B5F7B783}
	EndGlobalSection
EndGlobal
