
Microsoft Visual Studio Solution File, Format Version 12.00
Project("{2150E333-8FDC-42A3-9474-1A3956D46DE8}") = "CoreStartApp", "CoreStartApp", "{5EF39E6D-C94E-4C35-9BBF-79345242B8BD}"
EndProject
Project("{FAE04EC0-301F-11D3-BF4B-00C04F79EFBC}") = "CoreStartApp", "CoreStartApp\CoreStartApp.csproj", "{C17CA5D2-93A2-4836-A7ED-B1C95C4925BA}"
EndProject
Global
	GlobalSection(SolutionConfigurationPlatforms) = preSolution
		Debug|Any CPU = Debug|Any CPU
		Release|Any CPU = Release|Any CPU
	EndGlobalSection
	GlobalSection(NestedProjects) = preSolution
		{C17CA5D2-93A2-4836-A7ED-B1C95C4925BA} = {5EF39E6D-C94E-4C35-9BBF-79345242B8BD}
	EndGlobalSection
	GlobalSection(ProjectConfigurationPlatforms) = postSolution
		{C17CA5D2-93A2-4836-A7ED-B1C95C4925BA}.Debug|Any CPU.ActiveCfg = Debug|Any CPU
		{C17CA5D2-93A2-4836-A7ED-B1C95C4925BA}.Debug|Any CPU.Build.0 = Debug|Any CPU
		{C17CA5D2-93A2-4836-A7ED-B1C95C4925BA}.Release|Any CPU.ActiveCfg = Release|Any CPU
		{C17CA5D2-93A2-4836-A7ED-B1C95C4925BA}.Release|Any CPU.Build.0 = Release|Any CPU
	EndGlobalSection
EndGlobal
